{
  "name": "repglass-workspace",
  "version": "1.2.0",
  "lockfileVersion": 3,
  "requires": true,
  "packages": {
    "": {
      "name": "repglass-workspace",
      "version": "1.2.0",
      "license": "GPL-3.0",
      "engines": {
        "node": ">=24.0.0",
        "npm": ">=11.0.0"
      }
    }
  }
}
